
Microsoft Visual Studio Solution File, Format Version 12.00
# Visual Studio Version 17
VisualStudioVersion = 17.11.35312.102
MinimumVisualStudioVersion = 10.0.40219.1
Project("{FAE04EC0-301F-11D3-BF4B-00C04F79EFBC}") = "QLThuocDAPM", "QLThuocDAPM.csproj", "{A89A766B-D256-44ED-871A-23F77D4CA750}"
EndProject
Global
	GlobalSection(SolutionConfigurationPlatforms) = preSolution
		Debug|Any CPU = Debug|Any CPU
		Release|Any CPU = Release|Any CPU
	EndGlobalSection
	GlobalSection(ProjectConfigurationPlatforms) = postSolution
		{A89A766B-D256-44ED-871A-23F77D4CA750}.Debug|Any CPU.ActiveCfg = Debug|Any CPU
		{A89A766B-D256-44ED-871A-23F77D4CA750}.Debug|Any CPU.Build.0 = Debug|Any CPU
		{A89A766B-D256-44ED-871A-23F77D4CA750}.Release|Any CPU.ActiveCfg = Release|Any CPU
		{A89A766B-D256-44ED-871A-23F77D4CA750}.Release|Any CPU.Build.0 = Release|Any CPU
	EndGlobalSection
	GlobalSection(SolutionProperties) = preSolution
		HideSolutionNode = FALSE
	EndGlobalSection
	GlobalSection(ExtensibilityGlobals) = postSolution
		SolutionGuid = {82D267D8-45C0-401F-852D-5E06A4E32895}
	EndGlobalSection
EndGlobal
